// !$*UTF8*$!
{
	archiveVersion = 1;
	classes = {
	};
	objectVersion = 51;
	objects = {

/* Begin PBXBuildFile section */
		7F08E2CD244345F30034E2FA /* SettingRepository.swift in Sources */ = {isa = PBXBuildFile; fileRef = 7F08E2CC244345F30034E2FA /* SettingRepository.swift */; };
		7F08E2D1244346180034E2FA /* SettingDatabase.swift in Sources */ = {isa = PBXBuildFile; fileRef = 7F08E2D0244346180034E2FA /* SettingDatabase.swift */; };
		7F08E2D3244346420034E2FA /* Setting.swift in Sources */ = {isa = PBXBuildFile; fileRef = 7F08E2D2244346420034E2FA /* Setting.swift */; };
		7F08E2D52443479B0034E2FA /* SettingManager.swift in Sources */ = {isa = PBXBuildFile; fileRef = 7F08E2D42443479B0034E2FA /* SettingManager.swift */; };
		7F31437324429AB900814CA3 /* BackgroundImageCell.swift in Sources */ = {isa = PBXBuildFile; fileRef = 7F31437224429AB900814CA3 /* BackgroundImageCell.swift */; };
		7F489BBB232B481F002F256E /* EventRepository.swift in Sources */ = {isa = PBXBuildFile; fileRef = 7F489BBA232B481F002F256E /* EventRepository.swift */; };
		7F489BBD232B4A84002F256E /* EventRepositoryDatabase.swift in Sources */ = {isa = PBXBuildFile; fileRef = 7F489BBC232B4A84002F256E /* EventRepositoryDatabase.swift */; };
		7F489BBF232B6390002F256E /* EventDetailsVC.swift in Sources */ = {isa = PBXBuildFile; fileRef = 7F489BBE232B6390002F256E /* EventDetailsVC.swift */; };
		7F489BC1232B68CB002F256E /* LargeButton.swift in Sources */ = {isa = PBXBuildFile; fileRef = 7F489BC0232B68CB002F256E /* LargeButton.swift */; };
		7F489BC5232B72DD002F256E /* ModalHandlerDelegate.swift in Sources */ = {isa = PBXBuildFile; fileRef = 7F489BC4232B72DD002F256E /* ModalHandlerDelegate.swift */; };
		7F489BC7232B789F002F256E /* NewEventVC.swift in Sources */ = {isa = PBXBuildFile; fileRef = 7F489BC6232B789F002F256E /* NewEventVC.swift */; };
		7F5B2ABF232BCB6B005BF299 /* EditEventUITests.swift in Sources */ = {isa = PBXBuildFile; fileRef = 7F5B2ABE232BCB6B005BF299 /* EditEventUITests.swift */; };
		7F5B2AC3232BD2A2005BF299 /* FirstLaunchVC.swift in Sources */ = {isa = PBXBuildFile; fileRef = 7F5B2AC2232BD2A2005BF299 /* FirstLaunchVC.swift */; };
		7F5EA139232A7BF800702073 /* CountdownCell.swift in Sources */ = {isa = PBXBuildFile; fileRef = 7F5EA138232A7BF800702073 /* CountdownCell.swift */; };
		7F5EA13B232A7CD500702073 /* Event.swift in Sources */ = {isa = PBXBuildFile; fileRef = 7F5EA13A232A7CD500702073 /* Event.swift */; };
		7F8702702443164F00F3D743 /* LimitedTextField.swift in Sources */ = {isa = PBXBuildFile; fileRef = 7F87026F2443164F00F3D743 /* LimitedTextField.swift */; };
		7F8A56B9232A6567006FB97A /* AppDelegate.swift in Sources */ = {isa = PBXBuildFile; fileRef = 7F8A56B8232A6567006FB97A /* AppDelegate.swift */; };
		7F8A56BB232A6567006FB97A /* SceneDelegate.swift in Sources */ = {isa = PBXBuildFile; fileRef = 7F8A56BA232A6567006FB97A /* SceneDelegate.swift */; };
		7F8A56BD232A6567006FB97A /* ViewEventsVC.swift in Sources */ = {isa = PBXBuildFile; fileRef = 7F8A56BC232A6567006FB97A /* ViewEventsVC.swift */; };
		7F8A56C0232A6567006FB97A /* Main.storyboard in Resources */ = {isa = PBXBuildFile; fileRef = 7F8A56BE232A6567006FB97A /* Main.storyboard */; };
		7F8A56C3232A6567006FB97A /* CountTo.xcdatamodeld in Sources */ = {isa = PBXBuildFile; fileRef = 7F8A56C1232A6567006FB97A /* CountTo.xcdatamodeld */; };
		7F8A56C5232A656C006FB97A /* Assets.xcassets in Resources */ = {isa = PBXBuildFile; fileRef = 7F8A56C4232A656C006FB97A /* Assets.xcassets */; };
		7F8A56C8232A656C006FB97A /* LaunchScreen.storyboard in Resources */ = {isa = PBXBuildFile; fileRef = 7F8A56C6232A656C006FB97A /* LaunchScreen.storyboard */; };
		7F8A56D3232A656C006FB97A /* CountdownTimerTests.swift in Sources */ = {isa = PBXBuildFile; fileRef = 7F8A56D2232A656C006FB97A /* CountdownTimerTests.swift */; };
		7F8A56DE232A656C006FB97A /* CountToUITests.swift in Sources */ = {isa = PBXBuildFile; fileRef = 7F8A56DD232A656C006FB97A /* CountToUITests.swift */; };
		7FB94C7C2442C77C00C12BCF /* ImageStore.swift in Sources */ = {isa = PBXBuildFile; fileRef = 7FB94C7B2442C77C00C12BCF /* ImageStore.swift */; };
		7FB94C7E2442CB6600C12BCF /* BackgroundImagePickerCV.swift in Sources */ = {isa = PBXBuildFile; fileRef = 7FB94C7D2442CB6600C12BCF /* BackgroundImagePickerCV.swift */; };
		7FBC74582441B9F100BDA3B8 /* TabBarVC.swift in Sources */ = {isa = PBXBuildFile; fileRef = 7FBC74572441B9F100BDA3B8 /* TabBarVC.swift */; };
		7FCCF5C7232B7D6300CA0874 /* LargeTransparentTextField.swift in Sources */ = {isa = PBXBuildFile; fileRef = 7FCCF5C6232B7D6300CA0874 /* LargeTransparentTextField.swift */; };
		7FCCF5CA232B888500CA0874 /* CountdownTimer.swift in Sources */ = {isa = PBXBuildFile; fileRef = 7FCCF5C9232B888500CA0874 /* CountdownTimer.swift */; };
		7FCCF5CF232BB67D00CA0874 /* CreateEventUITests.swift in Sources */ = {isa = PBXBuildFile; fileRef = 7FCCF5CE232BB67D00CA0874 /* CreateEventUITests.swift */; };
		7FE8FD6224EF8D7400853F6E /* PremiumFeaturesVC.swift in Sources */ = {isa = PBXBuildFile; fileRef = 7FE8FD6124EF8D7400853F6E /* PremiumFeaturesVC.swift */; };
		7FEB971724434DE900D6F7DF /* SettingsVC.swift in Sources */ = {isa = PBXBuildFile; fileRef = 7FEB971624434DE900D6F7DF /* SettingsVC.swift */; };
		7FEB971924434FB300D6F7DF /* NotificationManager.swift in Sources */ = {isa = PBXBuildFile; fileRef = 7FEB971824434FB300D6F7DF /* NotificationManager.swift */; };
		7FFC47EB24445998005A1BF5 /* Const.swift in Sources */ = {isa = PBXBuildFile; fileRef = 7FFC47EA24445998005A1BF5 /* Const.swift */; };
		F8906ED4F35D91CE15092053 /* Pods_CountTo.framework in Frameworks */ = {isa = PBXBuildFile; fileRef = C85D98B8C391152F4EBAF301 /* Pods_CountTo.framework */; };
/* End PBXBuildFile section */

/* Begin PBXContainerItemProxy section */
		7F8A56CF232A656C006FB97A /* PBXContainerItemProxy */ = {
			isa = PBXContainerItemProxy;
			containerPortal = 7F8A56AD232A6567006FB97A /* Project object */;
			proxyType = 1;
			remoteGlobalIDString = 7F8A56B4232A6567006FB97A;
			remoteInfo = CountTo;
		};
		7F8A56DA232A656C006FB97A /* PBXContainerItemProxy */ = {
			isa = PBXContainerItemProxy;
			containerPortal = 7F8A56AD232A6567006FB97A /* Project object */;
			proxyType = 1;
			remoteGlobalIDString = 7F8A56B4232A6567006FB97A;
			remoteInfo = CountTo;
		};
/* End PBXContainerItemProxy section */

/* Begin PBXCopyFilesBuildPhase section */
		7F6ACB9F2354A39900CBDB28 /* Embed Watch Content */ = {
			isa = PBXCopyFilesBuildPhase;
			buildActionMask = 2147483647;
			dstPath = "$(CONTENTS_FOLDER_PATH)/Watch";
			dstSubfolderSpec = 16;
			files = (
			);
			name = "Embed Watch Content";
			runOnlyForDeploymentPostprocessing = 0;
		};
		7FBE1D4124A4CC1700342FD2 /* Embed App Extensions */ = {
			isa = PBXCopyFilesBuildPhase;
			buildActionMask = 2147483647;
			dstPath = "";
			dstSubfolderSpec = 13;
			files = (
			);
			name = "Embed App Extensions";
			runOnlyForDeploymentPostprocessing = 0;
		};
/* End PBXCopyFilesBuildPhase section */

/* Begin PBXFileReference section */
		248D3426EA4322450030A87C /* Pods-CountTo.release.xcconfig */ = {isa = PBXFileReference; includeInIndex = 1; lastKnownFileType = text.xcconfig; name = "Pods-CountTo.release.xcconfig"; path = "Target Support Files/Pods-CountTo/Pods-CountTo.release.xcconfig"; sourceTree = "<group>"; };
		7646013B7FACD01B8F848423 /* Pods-CountTo.debug.xcconfig */ = {isa = PBXFileReference; includeInIndex = 1; lastKnownFileType = text.xcconfig; name = "Pods-CountTo.debug.xcconfig"; path = "Target Support Files/Pods-CountTo/Pods-CountTo.debug.xcconfig"; sourceTree = "<group>"; };
		7F08E2CC244345F30034E2FA /* SettingRepository.swift */ = {isa = PBXFileReference; lastKnownFileType = sourcecode.swift; path = SettingRepository.swift; sourceTree = "<group>"; };
		7F08E2D0244346180034E2FA /* SettingDatabase.swift */ = {isa = PBXFileReference; lastKnownFileType = sourcecode.swift; path = SettingDatabase.swift; sourceTree = "<group>"; };
		7F08E2D2244346420034E2FA /* Setting.swift */ = {isa = PBXFileReference; lastKnownFileType = sourcecode.swift; path = Setting.swift; sourceTree = "<group>"; };
		7F08E2D42443479B0034E2FA /* SettingManager.swift */ = {isa = PBXFileReference; lastKnownFileType = sourcecode.swift; path = SettingManager.swift; sourceTree = "<group>"; };
		7F31437224429AB900814CA3 /* BackgroundImageCell.swift */ = {isa = PBXFileReference; lastKnownFileType = sourcecode.swift; path = BackgroundImageCell.swift; sourceTree = "<group>"; };
		7F489BBA232B481F002F256E /* EventRepository.swift */ = {isa = PBXFileReference; lastKnownFileType = sourcecode.swift; path = EventRepository.swift; sourceTree = "<group>"; };
		7F489BBC232B4A84002F256E /* EventRepositoryDatabase.swift */ = {isa = PBXFileReference; lastKnownFileType = sourcecode.swift; path = EventRepositoryDatabase.swift; sourceTree = "<group>"; };
		7F489BBE232B6390002F256E /* EventDetailsVC.swift */ = {isa = PBXFileReference; lastKnownFileType = sourcecode.swift; path = EventDetailsVC.swift; sourceTree = "<group>"; };
		7F489BC0232B68CB002F256E /* LargeButton.swift */ = {isa = PBXFileReference; lastKnownFileType = sourcecode.swift; path = LargeButton.swift; sourceTree = "<group>"; };
		7F489BC4232B72DD002F256E /* ModalHandlerDelegate.swift */ = {isa = PBXFileReference; lastKnownFileType = sourcecode.swift; path = ModalHandlerDelegate.swift; sourceTree = "<group>"; };
		7F489BC6232B789F002F256E /* NewEventVC.swift */ = {isa = PBXFileReference; lastKnownFileType = sourcecode.swift; path = NewEventVC.swift; sourceTree = "<group>"; };
		7F5B2ABE232BCB6B005BF299 /* EditEventUITests.swift */ = {isa = PBXFileReference; lastKnownFileType = sourcecode.swift; path = EditEventUITests.swift; sourceTree = "<group>"; };
		7F5B2AC2232BD2A2005BF299 /* FirstLaunchVC.swift */ = {isa = PBXFileReference; lastKnownFileType = sourcecode.swift; path = FirstLaunchVC.swift; sourceTree = "<group>"; };
		7F5EA138232A7BF800702073 /* CountdownCell.swift */ = {isa = PBXFileReference; lastKnownFileType = sourcecode.swift; path = CountdownCell.swift; sourceTree = "<group>"; };
		7F5EA13A232A7CD500702073 /* Event.swift */ = {isa = PBXFileReference; lastKnownFileType = sourcecode.swift; path = Event.swift; sourceTree = "<group>"; };
		7F87026F2443164F00F3D743 /* LimitedTextField.swift */ = {isa = PBXFileReference; lastKnownFileType = sourcecode.swift; path = LimitedTextField.swift; sourceTree = "<group>"; };
		7F8A56B5232A6567006FB97A /* Moment.app */ = {isa = PBXFileReference; explicitFileType = wrapper.application; includeInIndex = 0; path = Moment.app; sourceTree = BUILT_PRODUCTS_DIR; };
		7F8A56B8232A6567006FB97A /* AppDelegate.swift */ = {isa = PBXFileReference; lastKnownFileType = sourcecode.swift; path = AppDelegate.swift; sourceTree = "<group>"; };
		7F8A56BA232A6567006FB97A /* SceneDelegate.swift */ = {isa = PBXFileReference; lastKnownFileType = sourcecode.swift; path = SceneDelegate.swift; sourceTree = "<group>"; };
		7F8A56BC232A6567006FB97A /* ViewEventsVC.swift */ = {isa = PBXFileReference; lastKnownFileType = sourcecode.swift; path = ViewEventsVC.swift; sourceTree = "<group>"; };
		7F8A56BF232A6567006FB97A /* Base */ = {isa = PBXFileReference; lastKnownFileType = file.storyboard; name = Base; path = Base.lproj/Main.storyboard; sourceTree = "<group>"; };
		7F8A56C2232A6567006FB97A /* CountTo.xcdatamodel */ = {isa = PBXFileReference; lastKnownFileType = wrapper.xcdatamodel; path = CountTo.xcdatamodel; sourceTree = "<group>"; };
		7F8A56C4232A656C006FB97A /* Assets.xcassets */ = {isa = PBXFileReference; lastKnownFileType = folder.assetcatalog; path = Assets.xcassets; sourceTree = "<group>"; };
		7F8A56C7232A656C006FB97A /* Base */ = {isa = PBXFileReference; lastKnownFileType = file.storyboard; name = Base; path = Base.lproj/LaunchScreen.storyboard; sourceTree = "<group>"; };
		7F8A56C9232A656C006FB97A /* Info.plist */ = {isa = PBXFileReference; lastKnownFileType = text.plist.xml; path = Info.plist; sourceTree = "<group>"; };
		7F8A56CE232A656C006FB97A /* CountToTests.xctest */ = {isa = PBXFileReference; explicitFileType = wrapper.cfbundle; includeInIndex = 0; path = CountToTests.xctest; sourceTree = BUILT_PRODUCTS_DIR; };
		7F8A56D2232A656C006FB97A /* CountdownTimerTests.swift */ = {isa = PBXFileReference; lastKnownFileType = sourcecode.swift; path = CountdownTimerTests.swift; sourceTree = "<group>"; };
		7F8A56D4232A656C006FB97A /* Info.plist */ = {isa = PBXFileReference; lastKnownFileType = text.plist.xml; path = Info.plist; sourceTree = "<group>"; };
		7F8A56D9232A656C006FB97A /* CountToUITests.xctest */ = {isa = PBXFileReference; explicitFileType = wrapper.cfbundle; includeInIndex = 0; path = CountToUITests.xctest; sourceTree = BUILT_PRODUCTS_DIR; };
		7F8A56DD232A656C006FB97A /* CountToUITests.swift */ = {isa = PBXFileReference; lastKnownFileType = sourcecode.swift; path = CountToUITests.swift; sourceTree = "<group>"; };
		7F8A56DF232A656C006FB97A /* Info.plist */ = {isa = PBXFileReference; lastKnownFileType = text.plist.xml; path = Info.plist; sourceTree = "<group>"; };
		7FB94C7B2442C77C00C12BCF /* ImageStore.swift */ = {isa = PBXFileReference; lastKnownFileType = sourcecode.swift; path = ImageStore.swift; sourceTree = "<group>"; };
		7FB94C7D2442CB6600C12BCF /* BackgroundImagePickerCV.swift */ = {isa = PBXFileReference; lastKnownFileType = sourcecode.swift; path = BackgroundImagePickerCV.swift; sourceTree = "<group>"; };
		7FBC74572441B9F100BDA3B8 /* TabBarVC.swift */ = {isa = PBXFileReference; lastKnownFileType = sourcecode.swift; path = TabBarVC.swift; sourceTree = "<group>"; };
		7FBE1D3124A4CC1500342FD2 /* WidgetKit.framework */ = {isa = PBXFileReference; lastKnownFileType = wrapper.framework; name = WidgetKit.framework; path = System/Library/Frameworks/WidgetKit.framework; sourceTree = SDKROOT; };
		7FBE1D3324A4CC1500342FD2 /* SwiftUI.framework */ = {isa = PBXFileReference; lastKnownFileType = wrapper.framework; name = SwiftUI.framework; path = System/Library/Frameworks/SwiftUI.framework; sourceTree = SDKROOT; };
		7FCCF5C6232B7D6300CA0874 /* LargeTransparentTextField.swift */ = {isa = PBXFileReference; lastKnownFileType = sourcecode.swift; path = LargeTransparentTextField.swift; sourceTree = "<group>"; };
		7FCCF5C9232B888500CA0874 /* CountdownTimer.swift */ = {isa = PBXFileReference; lastKnownFileType = sourcecode.swift; path = CountdownTimer.swift; sourceTree = "<group>"; };
		7FCCF5CE232BB67D00CA0874 /* CreateEventUITests.swift */ = {isa = PBXFileReference; lastKnownFileType = sourcecode.swift; path = CreateEventUITests.swift; sourceTree = "<group>"; };
		7FE8FD6124EF8D7400853F6E /* PremiumFeaturesVC.swift */ = {isa = PBXFileReference; lastKnownFileType = sourcecode.swift; path = PremiumFeaturesVC.swift; sourceTree = "<group>"; };
		7FEB971624434DE900D6F7DF /* SettingsVC.swift */ = {isa = PBXFileReference; lastKnownFileType = sourcecode.swift; path = SettingsVC.swift; sourceTree = "<group>"; };
		7FEB971824434FB300D6F7DF /* NotificationManager.swift */ = {isa = PBXFileReference; lastKnownFileType = sourcecode.swift; path = NotificationManager.swift; sourceTree = "<group>"; };
		7FFC47EA24445998005A1BF5 /* Const.swift */ = {isa = PBXFileReference; lastKnownFileType = sourcecode.swift; path = Const.swift; sourceTree = "<group>"; };
		C85D98B8C391152F4EBAF301 /* Pods_CountTo.framework */ = {isa = PBXFileReference; explicitFileType = wrapper.framework; includeInIndex = 0; path = Pods_CountTo.framework; sourceTree = BUILT_PRODUCTS_DIR; };
/* End PBXFileReference section */

/* Begin PBXFrameworksBuildPhase section */
		7F8A56B2232A6567006FB97A /* Frameworks */ = {
			isa = PBXFrameworksBuildPhase;
			buildActionMask = 2147483647;
			files = (
				F8906ED4F35D91CE15092053 /* Pods_CountTo.framework in Frameworks */,
			);
			runOnlyForDeploymentPostprocessing = 0;
		};
		7F8A56CB232A656C006FB97A /* Frameworks */ = {
			isa = PBXFrameworksBuildPhase;
			buildActionMask = 2147483647;
			files = (
			);
			runOnlyForDeploymentPostprocessing = 0;
		};
		7F8A56D6232A656C006FB97A /* Frameworks */ = {
			isa = PBXFrameworksBuildPhase;
			buildActionMask = 2147483647;
			files = (
			);
			runOnlyForDeploymentPostprocessing = 0;
		};
/* End PBXFrameworksBuildPhase section */

/* Begin PBXGroup section */
		4BDE65E32652D2ACD6EE2068 /* Pods */ = {
			isa = PBXGroup;
			children = (
				7646013B7FACD01B8F848423 /* Pods-CountTo.debug.xcconfig */,
				248D3426EA4322450030A87C /* Pods-CountTo.release.xcconfig */,
			);
			path = Pods;
			sourceTree = "<group>";
		};
		7F08E2CE244345FB0034E2FA /* Events */ = {
			isa = PBXGroup;
			children = (
				7F489BBA232B481F002F256E /* EventRepository.swift */,
				7F489BBC232B4A84002F256E /* EventRepositoryDatabase.swift */,
			);
			path = Events;
			sourceTree = "<group>";
		};
		7F08E2CF244346060034E2FA /* Settings */ = {
			isa = PBXGroup;
			children = (
				7F08E2CC244345F30034E2FA /* SettingRepository.swift */,
				7F08E2D0244346180034E2FA /* SettingDatabase.swift */,
			);
			path = Settings;
			sourceTree = "<group>";
		};
		7F489BB9232B480E002F256E /* Data */ = {
			isa = PBXGroup;
			children = (
				7F5EA135232A7B9D00702073 /* Models */,
				7F08E2CF244346060034E2FA /* Settings */,
				7F08E2CE244345FB0034E2FA /* Events */,
				7FB94C7B2442C77C00C12BCF /* ImageStore.swift */,
			);
			path = Data;
			sourceTree = "<group>";
		};
		7F5EA135232A7B9D00702073 /* Models */ = {
			isa = PBXGroup;
			children = (
				7F5EA13A232A7CD500702073 /* Event.swift */,
				7F08E2D2244346420034E2FA /* Setting.swift */,
			);
			path = Models;
			sourceTree = "<group>";
		};
		7F5EA136232A7BA500702073 /* View */ = {
			isa = PBXGroup;
			children = (
				7F5EA138232A7BF800702073 /* CountdownCell.swift */,
				7F489BC0232B68CB002F256E /* LargeButton.swift */,
				7FCCF5C6232B7D6300CA0874 /* LargeTransparentTextField.swift */,
				7F31437224429AB900814CA3 /* BackgroundImageCell.swift */,
				7FB94C7D2442CB6600C12BCF /* BackgroundImagePickerCV.swift */,
				7F87026F2443164F00F3D743 /* LimitedTextField.swift */,
			);
			path = View;
			sourceTree = "<group>";
		};
		7F5EA137232A7BB000702073 /* Controller */ = {
			isa = PBXGroup;
			children = (
				7F8A56BC232A6567006FB97A /* ViewEventsVC.swift */,
				7F489BBE232B6390002F256E /* EventDetailsVC.swift */,
				7F489BC6232B789F002F256E /* NewEventVC.swift */,
				7F5B2AC2232BD2A2005BF299 /* FirstLaunchVC.swift */,
				7FBC74572441B9F100BDA3B8 /* TabBarVC.swift */,
				7FEB971624434DE900D6F7DF /* SettingsVC.swift */,
				7FE8FD6124EF8D7400853F6E /* PremiumFeaturesVC.swift */,
			);
			path = Controller;
			sourceTree = "<group>";
		};
		7F8A56AC232A6567006FB97A = {
			isa = PBXGroup;
			children = (
				7F8A56B7232A6567006FB97A /* CountTo */,
				7F8A56D1232A656C006FB97A /* CountToTests */,
				7F8A56DC232A656C006FB97A /* CountToUITests */,
				7F8A56B6232A6567006FB97A /* Products */,
				4BDE65E32652D2ACD6EE2068 /* Pods */,
				C82D1C28F843F168545DFA44 /* Frameworks */,
			);
			sourceTree = "<group>";
		};
		7F8A56B6232A6567006FB97A /* Products */ = {
			isa = PBXGroup;
			children = (
				7F8A56B5232A6567006FB97A /* Moment.app */,
				7F8A56CE232A656C006FB97A /* CountToTests.xctest */,
				7F8A56D9232A656C006FB97A /* CountToUITests.xctest */,
			);
			name = Products;
			sourceTree = "<group>";
		};
		7F8A56B7232A6567006FB97A /* CountTo */ = {
			isa = PBXGroup;
			children = (
				7FCCF5CD232B907000CA0874 /* Error */,
				7FCCF5C8232B887500CA0874 /* Util */,
				7F489BB9232B480E002F256E /* Data */,
				7F5EA137232A7BB000702073 /* Controller */,
				7F5EA136232A7BA500702073 /* View */,
				7F8A56B8232A6567006FB97A /* AppDelegate.swift */,
				7F8A56BA232A6567006FB97A /* SceneDelegate.swift */,
				7F8A56BE232A6567006FB97A /* Main.storyboard */,
				7F8A56C4232A656C006FB97A /* Assets.xcassets */,
				7F8A56C6232A656C006FB97A /* LaunchScreen.storyboard */,
				7F8A56C9232A656C006FB97A /* Info.plist */,
				7F8A56C1232A6567006FB97A /* CountTo.xcdatamodeld */,
			);
			path = CountTo;
			sourceTree = "<group>";
		};
		7F8A56D1232A656C006FB97A /* CountToTests */ = {
			isa = PBXGroup;
			children = (
				7F8A56D2232A656C006FB97A /* CountdownTimerTests.swift */,
				7F8A56D4232A656C006FB97A /* Info.plist */,
			);
			path = CountToTests;
			sourceTree = "<group>";
		};
		7F8A56DC232A656C006FB97A /* CountToUITests */ = {
			isa = PBXGroup;
			children = (
				7F8A56DD232A656C006FB97A /* CountToUITests.swift */,
				7F8A56DF232A656C006FB97A /* Info.plist */,
				7FCCF5CE232BB67D00CA0874 /* CreateEventUITests.swift */,
				7F5B2ABE232BCB6B005BF299 /* EditEventUITests.swift */,
			);
			path = CountToUITests;
			sourceTree = "<group>";
		};
		7FCCF5C8232B887500CA0874 /* Util */ = {
			isa = PBXGroup;
			children = (
				7F489BC4232B72DD002F256E /* ModalHandlerDelegate.swift */,
				7FCCF5C9232B888500CA0874 /* CountdownTimer.swift */,
				7F08E2D42443479B0034E2FA /* SettingManager.swift */,
				7FEB971824434FB300D6F7DF /* NotificationManager.swift */,
				7FFC47EA24445998005A1BF5 /* Const.swift */,
			);
			path = Util;
			sourceTree = "<group>";
		};
		7FCCF5CD232B907000CA0874 /* Error */ = {
			isa = PBXGroup;
			children = (
			);
			path = Error;
			sourceTree = "<group>";
		};
		C82D1C28F843F168545DFA44 /* Frameworks */ = {
			isa = PBXGroup;
			children = (
				C85D98B8C391152F4EBAF301 /* Pods_CountTo.framework */,
				7FBE1D3124A4CC1500342FD2 /* WidgetKit.framework */,
				7FBE1D3324A4CC1500342FD2 /* SwiftUI.framework */,
			);
			name = Frameworks;
			sourceTree = "<group>";
		};
/* End PBXGroup section */

/* Begin PBXNativeTarget section */
		7F8A56B4232A6567006FB97A /* CountTo */ = {
			isa = PBXNativeTarget;
			buildConfigurationList = 7F8A56E2232A656C006FB97A /* Build configuration list for PBXNativeTarget "CountTo" */;
			buildPhases = (
				E4B5F562E1D906EC1EF6269C /* [CP] Check Pods Manifest.lock */,
				7F8A56B1232A6567006FB97A /* Sources */,
				7F8A56B2232A6567006FB97A /* Frameworks */,
				7F8A56B3232A6567006FB97A /* Resources */,
				81B5E6187E83F9137596BF55 /* [CP] Embed Pods Frameworks */,
				7F6ACB9F2354A39900CBDB28 /* Embed Watch Content */,
				7FBE1D4124A4CC1700342FD2 /* Embed App Extensions */,
			);
			buildRules = (
			);
			dependencies = (
			);
			name = CountTo;
			productName = CountTo;
			productReference = 7F8A56B5232A6567006FB97A /* Moment.app */;
			productType = "com.apple.product-type.application";
		};
		7F8A56CD232A656C006FB97A /* CountToTests */ = {
			isa = PBXNativeTarget;
			buildConfigurationList = 7F8A56E5232A656C006FB97A /* Build configuration list for PBXNativeTarget "CountToTests" */;
			buildPhases = (
				7F8A56CA232A656C006FB97A /* Sources */,
				7F8A56CB232A656C006FB97A /* Frameworks */,
				7F8A56CC232A656C006FB97A /* Resources */,
			);
			buildRules = (
			);
			dependencies = (
				7F8A56D0232A656C006FB97A /* PBXTargetDependency */,
			);
			name = CountToTests;
			productName = CountToTests;
			productReference = 7F8A56CE232A656C006FB97A /* CountToTests.xctest */;
			productType = "com.apple.product-type.bundle.unit-test";
		};
		7F8A56D8232A656C006FB97A /* CountToUITests */ = {
			isa = PBXNativeTarget;
			buildConfigurationList = 7F8A56E8232A656C006FB97A /* Build configuration list for PBXNativeTarget "CountToUITests" */;
			buildPhases = (
				7F8A56D5232A656C006FB97A /* Sources */,
				7F8A56D6232A656C006FB97A /* Frameworks */,
				7F8A56D7232A656C006FB97A /* Resources */,
			);
			buildRules = (
			);
			dependencies = (
				7F8A56DB232A656C006FB97A /* PBXTargetDependency */,
			);
			name = CountToUITests;
			productName = CountToUITests;
			productReference = 7F8A56D9232A656C006FB97A /* CountToUITests.xctest */;
			productType = "com.apple.product-type.bundle.ui-testing";
		};
/* End PBXNativeTarget section */

/* Begin PBXProject section */
		7F8A56AD232A6567006FB97A /* Project object */ = {
			isa = PBXProject;
			attributes = {
				LastSwiftUpdateCheck = 1200;
				LastUpgradeCheck = 1200;
				ORGANIZATIONNAME = "Michael Rausch";
				TargetAttributes = {
					7F8A56B4232A6567006FB97A = {
						CreatedOnToolsVersion = 11.0;
					};
					7F8A56CD232A656C006FB97A = {
						CreatedOnToolsVersion = 11.0;
						TestTargetID = 7F8A56B4232A6567006FB97A;
					};
					7F8A56D8232A656C006FB97A = {
						CreatedOnToolsVersion = 11.0;
						TestTargetID = 7F8A56B4232A6567006FB97A;
					};
				};
			};
			buildConfigurationList = 7F8A56B0232A6567006FB97A /* Build configuration list for PBXProject "CountTo" */;
			compatibilityVersion = "Xcode 9.3";
			developmentRegion = en;
			hasScannedForEncodings = 0;
			knownRegions = (
				en,
				Base,
			);
			mainGroup = 7F8A56AC232A6567006FB97A;
			productRefGroup = 7F8A56B6232A6567006FB97A /* Products */;
			projectDirPath = "";
			projectRoot = "";
			targets = (
				7F8A56B4232A6567006FB97A /* CountTo */,
				7F8A56CD232A656C006FB97A /* CountToTests */,
				7F8A56D8232A656C006FB97A /* CountToUITests */,
			);
		};
/* End PBXProject section */

/* Begin PBXResourcesBuildPhase section */
		7F8A56B3232A6567006FB97A /* Resources */ = {
			isa = PBXResourcesBuildPhase;
			buildActionMask = 2147483647;
			files = (
				7F8A56C8232A656C006FB97A /* LaunchScreen.storyboard in Resources */,
				7F8A56C5232A656C006FB97A /* Assets.xcassets in Resources */,
				7F8A56C0232A6567006FB97A /* Main.storyboard in Resources */,
			);
			runOnlyForDeploymentPostprocessing = 0;
		};
		7F8A56CC232A656C006FB97A /* Resources */ = {
			isa = PBXResourcesBuildPhase;
			buildActionMask = 2147483647;
			files = (
			);
			runOnlyForDeploymentPostprocessing = 0;
		};
		7F8A56D7232A656C006FB97A /* Resources */ = {
			isa = PBXResourcesBuildPhase;
			buildActionMask = 2147483647;
			files = (
			);
			runOnlyForDeploymentPostprocessing = 0;
		};
/* End PBXResourcesBuildPhase section */

/* Begin PBXShellScriptBuildPhase section */
		81B5E6187E83F9137596BF55 /* [CP] Embed Pods Frameworks */ = {
			isa = PBXShellScriptBuildPhase;
			buildActionMask = 2147483647;
			files = (
			);
			inputFileListPaths = (
				"${PODS_ROOT}/Target Support Files/Pods-CountTo/Pods-CountTo-frameworks-${CONFIGURATION}-input-files.xcfilelist",
			);
			name = "[CP] Embed Pods Frameworks";
			outputFileListPaths = (
				"${PODS_ROOT}/Target Support Files/Pods-CountTo/Pods-CountTo-frameworks-${CONFIGURATION}-output-files.xcfilelist",
			);
			runOnlyForDeploymentPostprocessing = 0;
			shellPath = /bin/sh;
			shellScript = "\"${PODS_ROOT}/Target Support Files/Pods-CountTo/Pods-CountTo-frameworks.sh\"\n";
			showEnvVarsInLog = 0;
		};
		E4B5F562E1D906EC1EF6269C /* [CP] Check Pods Manifest.lock */ = {
			isa = PBXShellScriptBuildPhase;
			buildActionMask = 2147483647;
			files = (
			);
			inputFileListPaths = (
			);
			inputPaths = (
				"${PODS_PODFILE_DIR_PATH}/Podfile.lock",
				"${PODS_ROOT}/Manifest.lock",
			);
			name = "[CP] Check Pods Manifest.lock";
			outputFileListPaths = (
			);
			outputPaths = (
				"$(DERIVED_FILE_DIR)/Pods-CountTo-checkManifestLockResult.txt",
			);
			runOnlyForDeploymentPostprocessing = 0;
			shellPath = /bin/sh;
			shellScript = "diff \"${PODS_PODFILE_DIR_PATH}/Podfile.lock\" \"${PODS_ROOT}/Manifest.lock\" > /dev/null\nif [ $? != 0 ] ; then\n    # print error to STDERR\n    echo \"error: The sandbox is not in sync with the Podfile.lock. Run 'pod install' or update your CocoaPods installation.\" >&2\n    exit 1\nfi\n# This output is used by Xcode 'outputs' to avoid re-running this script phase.\necho \"SUCCESS\" > \"${SCRIPT_OUTPUT_FILE_0}\"\n";
			showEnvVarsInLog = 0;
		};
/* End PBXShellScriptBuildPhase section */

/* Begin PBXSourcesBuildPhase section */
		7F8A56B1232A6567006FB97A /* Sources */ = {
			isa = PBXSourcesBuildPhase;
			buildActionMask = 2147483647;
			files = (
				7F5EA13B232A7CD500702073 /* Event.swift in Sources */,
				7FE8FD6224EF8D7400853F6E /* PremiumFeaturesVC.swift in Sources */,
				7F489BC1232B68CB002F256E /* LargeButton.swift in Sources */,
				7F8702702443164F00F3D743 /* LimitedTextField.swift in Sources */,
				7F489BBF232B6390002F256E /* EventDetailsVC.swift in Sources */,
				7F489BC5232B72DD002F256E /* ModalHandlerDelegate.swift in Sources */,
				7FB94C7C2442C77C00C12BCF /* ImageStore.swift in Sources */,
				7F08E2D52443479B0034E2FA /* SettingManager.swift in Sources */,
				7F08E2CD244345F30034E2FA /* SettingRepository.swift in Sources */,
				7FB94C7E2442CB6600C12BCF /* BackgroundImagePickerCV.swift in Sources */,
				7FEB971924434FB300D6F7DF /* NotificationManager.swift in Sources */,
				7F8A56C3232A6567006FB97A /* CountTo.xcdatamodeld in Sources */,
				7FCCF5C7232B7D6300CA0874 /* LargeTransparentTextField.swift in Sources */,
				7FBC74582441B9F100BDA3B8 /* TabBarVC.swift in Sources */,
				7F8A56BD232A6567006FB97A /* ViewEventsVC.swift in Sources */,
				7F5B2AC3232BD2A2005BF299 /* FirstLaunchVC.swift in Sources */,
				7F08E2D3244346420034E2FA /* Setting.swift in Sources */,
				7F8A56B9232A6567006FB97A /* AppDelegate.swift in Sources */,
				7F489BBB232B481F002F256E /* EventRepository.swift in Sources */,
				7FCCF5CA232B888500CA0874 /* CountdownTimer.swift in Sources */,
				7F489BC7232B789F002F256E /* NewEventVC.swift in Sources */,
				7F8A56BB232A6567006FB97A /* SceneDelegate.swift in Sources */,
				7F5EA139232A7BF800702073 /* CountdownCell.swift in Sources */,
				7F08E2D1244346180034E2FA /* SettingDatabase.swift in Sources */,
				7FEB971724434DE900D6F7DF /* SettingsVC.swift in Sources */,
				7F489BBD232B4A84002F256E /* EventRepositoryDatabase.swift in Sources */,
				7F31437324429AB900814CA3 /* BackgroundImageCell.swift in Sources */,
				7FFC47EB24445998005A1BF5 /* Const.swift in Sources */,
			);
			runOnlyForDeploymentPostprocessing = 0;
		};
		7F8A56CA232A656C006FB97A /* Sources */ = {
			isa = PBXSourcesBuildPhase;
			buildActionMask = 2147483647;
			files = (
				7F8A56D3232A656C006FB97A /* CountdownTimerTests.swift in Sources */,
			);
			runOnlyForDeploymentPostprocessing = 0;
		};
		7F8A56D5232A656C006FB97A /* Sources */ = {
			isa = PBXSourcesBuildPhase;
			buildActionMask = 2147483647;
			files = (
				7FCCF5CF232BB67D00CA0874 /* CreateEventUITests.swift in Sources */,
				7F5B2ABF232BCB6B005BF299 /* EditEventUITests.swift in Sources */,
				7F8A56DE232A656C006FB97A /* CountToUITests.swift in Sources */,
			);
			runOnlyForDeploymentPostprocessing = 0;
		};
/* End PBXSourcesBuildPhase section */

/* Begin PBXTargetDependency section */
		7F8A56D0232A656C006FB97A /* PBXTargetDependency */ = {
			isa = PBXTargetDependency;
			target = 7F8A56B4232A6567006FB97A /* CountTo */;
			targetProxy = 7F8A56CF232A656C006FB97A /* PBXContainerItemProxy */;
		};
		7F8A56DB232A656C006FB97A /* PBXTargetDependency */ = {
			isa = PBXTargetDependency;
			target = 7F8A56B4232A6567006FB97A /* CountTo */;
			targetProxy = 7F8A56DA232A656C006FB97A /* PBXContainerItemProxy */;
		};
/* End PBXTargetDependency section */

/* Begin PBXVariantGroup section */
		7F8A56BE232A6567006FB97A /* Main.storyboard */ = {
			isa = PBXVariantGroup;
			children = (
				7F8A56BF232A6567006FB97A /* Base */,
			);
			name = Main.storyboard;
			sourceTree = "<group>";
		};
		7F8A56C6232A656C006FB97A /* LaunchScreen.storyboard */ = {
			isa = PBXVariantGroup;
			children = (
				7F8A56C7232A656C006FB97A /* Base */,
			);
			name = LaunchScreen.storyboard;
			sourceTree = "<group>";
		};
/* End PBXVariantGroup section */

/* Begin XCBuildConfiguration section */
		7F8A56E0232A656C006FB97A /* Debug */ = {
			isa = XCBuildConfiguration;
			buildSettings = {
				ALWAYS_SEARCH_USER_PATHS = NO;
				CLANG_ANALYZER_NONNULL = YES;
				CLANG_ANALYZER_NUMBER_OBJECT_CONVERSION = YES_AGGRESSIVE;
				CLANG_CXX_LANGUAGE_STANDARD = "gnu++14";
				CLANG_CXX_LIBRARY = "libc++";
				CLANG_ENABLE_MODULES = YES;
				CLANG_ENABLE_OBJC_ARC = YES;
				CLANG_ENABLE_OBJC_WEAK = YES;
				CLANG_WARN_BLOCK_CAPTURE_AUTORELEASING = YES;
				CLANG_WARN_BOOL_CONVERSION = YES;
				CLANG_WARN_COMMA = YES;
				CLANG_WARN_CONSTANT_CONVERSION = YES;
				CLANG_WARN_DEPRECATED_OBJC_IMPLEMENTATIONS = YES;
				CLANG_WARN_DIRECT_OBJC_ISA_USAGE = YES_ERROR;
				CLANG_WARN_DOCUMENTATION_COMMENTS = YES;
				CLANG_WARN_EMPTY_BODY = YES;
				CLANG_WARN_ENUM_CONVERSION = YES;
				CLANG_WARN_INFINITE_RECURSION = YES;
				CLANG_WARN_INT_CONVERSION = YES;
				CLANG_WARN_NON_LITERAL_NULL_CONVERSION = YES;
				CLANG_WARN_OBJC_IMPLICIT_RETAIN_SELF = YES;
				CLANG_WARN_OBJC_LITERAL_CONVERSION = YES;
				CLANG_WARN_OBJC_ROOT_CLASS = YES_ERROR;
				CLANG_WARN_QUOTED_INCLUDE_IN_FRAMEWORK_HEADER = YES;
				CLANG_WARN_RANGE_LOOP_ANALYSIS = YES;
				CLANG_WARN_STRICT_PROTOTYPES = YES;
				CLANG_WARN_SUSPICIOUS_MOVE = YES;
				CLANG_WARN_UNGUARDED_AVAILABILITY = YES_AGGRESSIVE;
				CLANG_WARN_UNREACHABLE_CODE = YES;
				CLANG_WARN__DUPLICATE_METHOD_MATCH = YES;
				COPY_PHASE_STRIP = NO;
				DEBUG_INFORMATION_FORMAT = dwarf;
				ENABLE_STRICT_OBJC_MSGSEND = YES;
				ENABLE_TESTABILITY = YES;
				GCC_C_LANGUAGE_STANDARD = gnu11;
				GCC_DYNAMIC_NO_PIC = NO;
				GCC_NO_COMMON_BLOCKS = YES;
				GCC_OPTIMIZATION_LEVEL = 0;
				GCC_PREPROCESSOR_DEFINITIONS = (
					"DEBUG=1",
					"$(inherited)",
				);
				GCC_WARN_64_TO_32_BIT_CONVERSION = YES;
				GCC_WARN_ABOUT_RETURN_TYPE = YES_ERROR;
				GCC_WARN_UNDECLARED_SELECTOR = YES;
				GCC_WARN_UNINITIALIZED_AUTOS = YES_AGGRESSIVE;
				GCC_WARN_UNUSED_FUNCTION = YES;
				GCC_WARN_UNUSED_VARIABLE = YES;
				IPHONEOS_DEPLOYMENT_TARGET = 13.0;
				MTL_ENABLE_DEBUG_INFO = INCLUDE_SOURCE;
				MTL_FAST_MATH = YES;
				ONLY_ACTIVE_ARCH = YES;
				SDKROOT = iphoneos;
				SWIFT_ACTIVE_COMPILATION_CONDITIONS = DEBUG;
				SWIFT_OPTIMIZATION_LEVEL = "-Onone";
			};
			name = Debug;
		};
		7F8A56E1232A656C006FB97A /* Release */ = {
			isa = XCBuildConfiguration;
			buildSettings = {
				ALWAYS_SEARCH_USER_PATHS = NO;
				CLANG_ANALYZER_NONNULL = YES;
				CLANG_ANALYZER_NUMBER_OBJECT_CONVERSION = YES_AGGRESSIVE;
				CLANG_CXX_LANGUAGE_STANDARD = "gnu++14";
				CLANG_CXX_LIBRARY = "libc++";
				CLANG_ENABLE_MODULES = YES;
				CLANG_ENABLE_OBJC_ARC = YES;
				CLANG_ENABLE_OBJC_WEAK = YES;
				CLANG_WARN_BLOCK_CAPTURE_AUTORELEASING = YES;
				CLANG_WARN_BOOL_CONVERSION = YES;
				CLANG_WARN_COMMA = YES;
				CLANG_WARN_CONSTANT_CONVERSION = YES;
				CLANG_WARN_DEPRECATED_OBJC_IMPLEMENTATIONS = YES;
				CLANG_WARN_DIRECT_OBJC_ISA_USAGE = YES_ERROR;
				CLANG_WARN_DOCUMENTATION_COMMENTS = YES;
				CLANG_WARN_EMPTY_BODY = YES;
				CLANG_WARN_ENUM_CONVERSION = YES;
				CLANG_WARN_INFINITE_RECURSION = YES;
				CLANG_WARN_INT_CONVERSION = YES;
				CLANG_WARN_NON_LITERAL_NULL_CONVERSION = YES;
				CLANG_WARN_OBJC_IMPLICIT_RETAIN_SELF = YES;
				CLANG_WARN_OBJC_LITERAL_CONVERSION = YES;
				CLANG_WARN_OBJC_ROOT_CLASS = YES_ERROR;
				CLANG_WARN_QUOTED_INCLUDE_IN_FRAMEWORK_HEADER = YES;
				CLANG_WARN_RANGE_LOOP_ANALYSIS = YES;
				CLANG_WARN_STRICT_PROTOTYPES = YES;
				CLANG_WARN_SUSPICIOUS_MOVE = YES;
				CLANG_WARN_UNGUARDED_AVAILABILITY = YES_AGGRESSIVE;
				CLANG_WARN_UNREACHABLE_CODE = YES;
				CLANG_WARN__DUPLICATE_METHOD_MATCH = YES;
				COPY_PHASE_STRIP = NO;
				DEBUG_INFORMATION_FORMAT = "dwarf-with-dsym";
				ENABLE_NS_ASSERTIONS = NO;
				ENABLE_STRICT_OBJC_MSGSEND = YES;
				GCC_C_LANGUAGE_STANDARD = gnu11;
				GCC_NO_COMMON_BLOCKS = YES;
				GCC_WARN_64_TO_32_BIT_CONVERSION = YES;
				GCC_WARN_ABOUT_RETURN_TYPE = YES_ERROR;
				GCC_WARN_UNDECLARED_SELECTOR = YES;
				GCC_WARN_UNINITIALIZED_AUTOS = YES_AGGRESSIVE;
				GCC_WARN_UNUSED_FUNCTION = YES;
				GCC_WARN_UNUSED_VARIABLE = YES;
				IPHONEOS_DEPLOYMENT_TARGET = 13.0;
				MTL_ENABLE_DEBUG_INFO = NO;
				MTL_FAST_MATH = YES;
				SDKROOT = iphoneos;
				SWIFT_COMPILATION_MODE = wholemodule;
				SWIFT_OPTIMIZATION_LEVEL = "-O";
				VALIDATE_PRODUCT = YES;
			};
			name = Release;
		};
		7F8A56E3232A656C006FB97A /* Debug */ = {
			isa = XCBuildConfiguration;
			baseConfigurationReference = 7646013B7FACD01B8F848423 /* Pods-CountTo.debug.xcconfig */;
			buildSettings = {
				ASSETCATALOG_COMPILER_APPICON_NAME = AppIcon;
				CODE_SIGN_STYLE = Automatic;
				DEVELOPMENT_TEAM = DQ3QVA4PA9;
				INFOPLIST_FILE = CountTo/Info.plist;
				LD_RUNPATH_SEARCH_PATHS = (
					"$(inherited)",
					"@executable_path/Frameworks",
				);
				PRODUCT_BUNDLE_IDENTIFIER = nz.michaelrausch.CountTo;
				PRODUCT_NAME = Moment;
				SWIFT_VERSION = 5.0;
				TARGETED_DEVICE_FAMILY = "1,2";
			};
			name = Debug;
		};
		7F8A56E4232A656C006FB97A /* Release */ = {
			isa = XCBuildConfiguration;
			baseConfigurationReference = 248D3426EA4322450030A87C /* Pods-CountTo.release.xcconfig */;
			buildSettings = {
				ASSETCATALOG_COMPILER_APPICON_NAME = AppIcon;
				CODE_SIGN_STYLE = Automatic;
				DEVELOPMENT_TEAM = DQ3QVA4PA9;
				INFOPLIST_FILE = CountTo/Info.plist;
				LD_RUNPATH_SEARCH_PATHS = (
					"$(inherited)",
					"@executable_path/Frameworks",
				);
				PRODUCT_BUNDLE_IDENTIFIER = nz.michaelrausch.CountTo;
				PRODUCT_NAME = Moment;
				SWIFT_VERSION = 5.0;
				TARGETED_DEVICE_FAMILY = "1,2";
			};
			name = Release;
		};
		7F8A56E6232A656C006FB97A /* Debug */ = {
			isa = XCBuildConfiguration;
			buildSettings = {
				ALWAYS_EMBED_SWIFT_STANDARD_LIBRARIES = YES;
				BUNDLE_LOADER = "$(TEST_HOST)";
				CODE_SIGN_STYLE = Automatic;
				DEVELOPMENT_TEAM = DQ3QVA4PA9;
				INFOPLIST_FILE = CountToTests/Info.plist;
				IPHONEOS_DEPLOYMENT_TARGET = 13.0;
				LD_RUNPATH_SEARCH_PATHS = (
					"$(inherited)",
					"@executable_path/Frameworks",
					"@loader_path/Frameworks",
				);
				PRODUCT_BUNDLE_IDENTIFIER = nz.michaelrausch.CountToTests;
				PRODUCT_NAME = "$(TARGET_NAME)";
				SWIFT_VERSION = 5.0;
				TARGETED_DEVICE_FAMILY = "1,2";
				TEST_HOST = "$(BUILT_PRODUCTS_DIR)/CountTo.app/CountTo";
			};
			name = Debug;
		};
		7F8A56E7232A656C006FB97A /* Release */ = {
			isa = XCBuildConfiguration;
			buildSettings = {
				ALWAYS_EMBED_SWIFT_STANDARD_LIBRARIES = YES;
				BUNDLE_LOADER = "$(TEST_HOST)";
				CODE_SIGN_STYLE = Automatic;
				DEVELOPMENT_TEAM = DQ3QVA4PA9;
				INFOPLIST_FILE = CountToTests/Info.plist;
				IPHONEOS_DEPLOYMENT_TARGET = 13.0;
				LD_RUNPATH_SEARCH_PATHS = (
					"$(inherited)",
					"@executable_path/Frameworks",
					"@loader_path/Frameworks",
				);
				PRODUCT_BUNDLE_IDENTIFIER = nz.michaelrausch.CountToTests;
				PRODUCT_NAME = "$(TARGET_NAME)";
				SWIFT_VERSION = 5.0;
				TARGETED_DEVICE_FAMILY = "1,2";
				TEST_HOST = "$(BUILT_PRODUCTS_DIR)/CountTo.app/CountTo";
			};
			name = Release;
		};
		7F8A56E9232A656C006FB97A /* Debug */ = {
			isa = XCBuildConfiguration;
			buildSettings = {
				ALWAYS_EMBED_SWIFT_STANDARD_LIBRARIES = YES;
				CODE_SIGN_STYLE = Automatic;
				DEVELOPMENT_TEAM = DQ3QVA4PA9;
				INFOPLIST_FILE = CountToUITests/Info.plist;
				LD_RUNPATH_SEARCH_PATHS = (
					"$(inherited)",
					"@executable_path/Frameworks",
					"@loader_path/Frameworks",
				);
				PRODUCT_BUNDLE_IDENTIFIER = nz.michaelrausch.CountToUITests;
				PRODUCT_NAME = "$(TARGET_NAME)";
				SWIFT_VERSION = 5.0;
				TARGETED_DEVICE_FAMILY = "1,2";
				TEST_TARGET_NAME = CountTo;
			};
			name = Debug;
		};
		7F8A56EA232A656C006FB97A /* Release */ = {
			isa = XCBuildConfiguration;
			buildSettings = {
				ALWAYS_EMBED_SWIFT_STANDARD_LIBRARIES = YES;
				CODE_SIGN_STYLE = Automatic;
				DEVELOPMENT_TEAM = DQ3QVA4PA9;
				INFOPLIST_FILE = CountToUITests/Info.plist;
				LD_RUNPATH_SEARCH_PATHS = (
					"$(inherited)",
					"@executable_path/Frameworks",
					"@loader_path/Frameworks",
				);
				PRODUCT_BUNDLE_IDENTIFIER = nz.michaelrausch.CountToUITests;
				PRODUCT_NAME = "$(TARGET_NAME)";
				SWIFT_VERSION = 5.0;
				TARGETED_DEVICE_FAMILY = "1,2";
				TEST_TARGET_NAME = CountTo;
			};
			name = Release;
		};
/* End XCBuildConfiguration section */

/* Begin XCConfigurationList section */
		7F8A56B0232A6567006FB97A /* Build configuration list for PBXProject "CountTo" */ = {
			isa = XCConfigurationList;
			buildConfigurations = (
				7F8A56E0232A656C006FB97A /* Debug */,
				7F8A56E1232A656C006FB97A /* Release */,
			);
			defaultConfigurationIsVisible = 0;
			defaultConfigurationName = Release;
		};
		7F8A56E2232A656C006FB97A /* Build configuration list for PBXNativeTarget "CountTo" */ = {
			isa = XCConfigurationList;
			buildConfigurations = (
				7F8A56E3232A656C006FB97A /* Debug */,
				7F8A56E4232A656C006FB97A /* Release */,
			);
			defaultConfigurationIsVisible = 0;
			defaultConfigurationName = Release;
		};
		7F8A56E5232A656C006FB97A /* Build configuration list for PBXNativeTarget "CountToTests" */ = {
			isa = XCConfigurationList;
			buildConfigurations = (
				7F8A56E6232A656C006FB97A /* Debug */,
				7F8A56E7232A656C006FB97A /* Release */,
			);
			defaultConfigurationIsVisible = 0;
			defaultConfigurationName = Release;
		};
		7F8A56E8232A656C006FB97A /* Build configuration list for PBXNativeTarget "CountToUITests" */ = {
			isa = XCConfigurationList;
			buildConfigurations = (
				7F8A56E9232A656C006FB97A /* Debug */,
				7F8A56EA232A656C006FB97A /* Release */,
			);
			defaultConfigurationIsVisible = 0;
			defaultConfigurationName = Release;
		};
/* End XCConfigurationList section */

/* Begin XCVersionGroup section */
		7F8A56C1232A6567006FB97A /* CountTo.xcdatamodeld */ = {
			isa = XCVersionGroup;
			children = (
				7F8A56C2232A6567006FB97A /* CountTo.xcdatamodel */,
			);
			currentVersion = 7F8A56C2232A6567006FB97A /* CountTo.xcdatamodel */;
			path = CountTo.xcdatamodeld;
			sourceTree = "<group>";
			versionGroupType = wrapper.xcdatamodel;
		};
/* End XCVersionGroup section */
	};
	rootObject = 7F8A56AD232A6567006FB97A /* Project object */;
}
